
Microsoft Visual Studio Solution File, Format Version 12.00
# Visual Studio Version 16
VisualStudioVersion = 16.0.30523.141
MinimumVisualStudioVersion = 10.0.40219.1
Project("{FAE04EC0-301F-11D3-BF4B-00C04F79EFBC}") = "ProjectHierarchization", "ProjectHierarchization\ProjectHierarchization.csproj", "{9EC36CDB-0E7D-4455-8F06-4C6A207D451F}"
EndProject
Global
	GlobalSection(SolutionConfigurationPlatforms) = preSolution
		Debug|Any CPU = Debug|Any CPU
		Release|Any CPU = Release|Any CPU
	EndGlobalSection
	GlobalSection(ProjectConfigurationPlatforms) = postSolution
		{9EC36CDB-0E7D-4455-8F06-4C6A207D451F}.Debug|Any CPU.ActiveCfg = Debug|Any CPU
		{9EC36CDB-0E7D-4455-8F06-4C6A207D451F}.Debug|Any CPU.Build.0 = Debug|Any CPU
		{9EC36CDB-0E7D-4455-8F06-4C6A207D451F}.Release|Any CPU.ActiveCfg = Release|Any CPU
		{9EC36CDB-0E7D-4455-8F06-4C6A207D451F}.Release|Any CPU.Build.0 = Release|Any CPU
	EndGlobalSection
	GlobalSection(SolutionProperties) = preSolution
		HideSolutionNode = FALSE
	EndGlobalSection
	GlobalSection(ExtensibilityGlobals) = postSolution
		SolutionGuid = {7A4CC70A-5E6C-47FD-AC6D-123DEF36D3C9}
	EndGlobalSection
EndGlobal
